
Microsoft Visual Studio Solution File, Format Version 12.00
# Visual Studio 15
VisualStudioVersion = 15.0.27428.2005
MinimumVisualStudioVersion = 10.0.40219.1
Project("{FAE04EC0-301F-11D3-BF4B-00C04F79EFBC}") = "ProductCart", "ProductCart\ProductCart.csproj", "{9EBF66C9-A23D-48AA-B5AE-A63275188E41}"
EndProject
Global
	GlobalSection(SolutionConfigurationPlatforms) = preSolution
		Debug|Any CPU = Debug|Any CPU
		Release|Any CPU = Release|Any CPU
	EndGlobalSection
	GlobalSection(ProjectConfigurationPlatforms) = postSolution
		{9EBF66C9-A23D-48AA-B5AE-A63275188E41}.Debug|Any CPU.ActiveCfg = Debug|Any CPU
		{9EBF66C9-A23D-48AA-B5AE-A63275188E41}.Debug|Any CPU.Build.0 = Debug|Any CPU
		{9EBF66C9-A23D-48AA-B5AE-A63275188E41}.Release|Any CPU.ActiveCfg = Release|Any CPU
		{9EBF66C9-A23D-48AA-B5AE-A63275188E41}.Release|Any CPU.Build.0 = Release|Any CPU
	EndGlobalSection
	GlobalSection(SolutionProperties) = preSolution
		HideSolutionNode = FALSE
	EndGlobalSection
	GlobalSection(ExtensibilityGlobals) = postSolution
		SolutionGuid = {129F2D33-EF1E-4C72-BDBA-FADEC4421FC0}
	EndGlobalSection
EndGlobal
